
Microsoft Visual Studio Solution File, Format Version 12.00
# Visual Studio Version 16
VisualStudioVersion = 16.0.31321.278
MinimumVisualStudioVersion = 10.0.40219.1
Project("{FAE04EC0-301F-11D3-BF4B-00C04F79EFBC}") = "SQLCrudTask", "SQLCrudTask\SQLCrudTask.csproj", "{4AA88B32-669D-454D-93FE-9087BD41CAB2}"
EndProject
Global
	GlobalSection(SolutionConfigurationPlatforms) = preSolution
		Debug|Any CPU = Debug|Any CPU
		Release|Any CPU = Release|Any CPU
	EndGlobalSection
	GlobalSection(ProjectConfigurationPlatforms) = postSolution
		{4AA88B32-669D-454D-93FE-9087BD41CAB2}.Debug|Any CPU.ActiveCfg = Debug|Any CPU
		{4AA88B32-669D-454D-93FE-9087BD41CAB2}.Debug|Any CPU.Build.0 = Debug|Any CPU
		{4AA88B32-669D-454D-93FE-9087BD41CAB2}.Release|Any CPU.ActiveCfg = Release|Any CPU
		{4AA88B32-669D-454D-93FE-9087BD41CAB2}.Release|Any CPU.Build.0 = Release|Any CPU
	EndGlobalSection
	GlobalSection(SolutionProperties) = preSolution
		HideSolutionNode = FALSE
	EndGlobalSection
	GlobalSection(ExtensibilityGlobals) = postSolution
		SolutionGuid = {E2A04658-EB56-4E1A-A691-46DB475E3125}
	EndGlobalSection
EndGlobal
